
Microsoft Visual Studio Solution File, Format Version 12.00
# Visual Studio Version 17
VisualStudioVersion = 17.0.31903.59
MinimumVisualStudioVersion = 10.0.40219.1
Project("{2150E333-8FDC-42A3-9474-1A3956D46DE8}") = "src", "src", "{DC1FE4D5-4318-45F6-A4C3-4DA53DF6EEB6}"
EndProject
Project("{2150E333-8FDC-42A3-9474-1A3956D46DE8}") = "domain", "domain", "{26C7E933-4571-403A-B470-DBC0160F245C}"
EndProject
Project("{9A19103F-16F7-4668-BE54-9A1E7A4F7556}") = "Domain.Write", "src\domain\Domain.Write\Domain.Write.csproj", "{23688981-8217-4BEF-9BFA-C8957352430F}"
EndProject
Project("{2150E333-8FDC-42A3-9474-1A3956D46DE8}") = "service", "service", "{7792FC3A-F274-4AF6-ADDE-134DCD677C4F}"
EndProject
Project("{9A19103F-16F7-4668-BE54-9A1E7A4F7556}") = "Service.Write", "src\service\Service.Write\Service.Write.csproj", "{3C1C2912-D2B7-4665-8E93-86BB6E8CF672}"
EndProject
Project("{2150E333-8FDC-42A3-9474-1A3956D46DE8}") = "repository", "repository", "{28B11B41-4F0F-4D63-BBAA-EFFA8BB32C08}"
EndProject
Project("{9A19103F-16F7-4668-BE54-9A1E7A4F7556}") = "Repository.Write", "src\repository\Repository.Write\Repository.Write.csproj", "{7700CD58-4D2B-4529-B041-19A788949140}"
EndProject
Project("{2150E333-8FDC-42A3-9474-1A3956D46DE8}") = "host", "host", "{A937A1AB-4AA4-4B19-A3C0-ADAB2ADA3156}"
EndProject
Project("{9A19103F-16F7-4668-BE54-9A1E7A4F7556}") = "Host.Write", "src\host\Host.Write\Host.Write.csproj", "{4E413835-9A76-4126-BA45-A73C1295B169}"
EndProject
Project("{9A19103F-16F7-4668-BE54-9A1E7A4F7556}") = "Host.Read", "src\host\Host.Read\Host.Read.csproj", "{42F8575C-B60C-4060-A401-4E56543C2304}"
EndProject
Project("{9A19103F-16F7-4668-BE54-9A1E7A4F7556}") = "Domain.Read", "src\domain\Domain.Read\Domain.Read.csproj", "{D8BC4EF1-322B-406F-8ED0-BA6408E24FFD}"
EndProject
Project("{9A19103F-16F7-4668-BE54-9A1E7A4F7556}") = "Service.Read", "src\service\Service.Read\Service.Read.csproj", "{B9B3E827-7F21-49FF-8FC9-0011A9DBAFCD}"
EndProject
Project("{9A19103F-16F7-4668-BE54-9A1E7A4F7556}") = "Repository.Read", "src\repository\Repository.Read\Repository.Read.csproj", "{A0704F57-4448-4617-A934-00FC10A220DC}"
EndProject
Project("{2150E333-8FDC-42A3-9474-1A3956D46DE8}") = "test", "test", "{D34914E5-0B71-4A1D-887F-47ECBB5D7C83}"
EndProject
Project("{2150E333-8FDC-42A3-9474-1A3956D46DE8}") = "domain-test", "domain-test", "{4AFC71AE-E018-4BD7-86EE-91A9C45F7DEB}"
EndProject
Project("{9A19103F-16F7-4668-BE54-9A1E7A4F7556}") = "Domain.Read.Test", "test\domain-test\Domain.Read.Test\Domain.Read.Test.csproj", "{D9B35778-2BE1-4B2C-995F-E58F6DFD8B25}"
EndProject
Project("{9A19103F-16F7-4668-BE54-9A1E7A4F7556}") = "Domain.Write.Test", "test\domain-test\Domain.Write.Test\Domain.Write.Test.csproj", "{6C7159D6-E242-41D3-AAEA-69C87801F51E}"
EndProject
Project("{2150E333-8FDC-42A3-9474-1A3956D46DE8}") = "helper", "helper", "{F94CB25F-0D07-4C55-A4DF-273963A89893}"
EndProject
Project("{9A19103F-16F7-4668-BE54-9A1E7A4F7556}") = "Helper", "src\helper\Helper\Helper.csproj", "{5C3E7F7D-0D0C-4E93-B035-D36BD321D52A}"
EndProject
Global
	GlobalSection(SolutionConfigurationPlatforms) = preSolution
		Debug|Any CPU = Debug|Any CPU
		Release|Any CPU = Release|Any CPU
	EndGlobalSection
	GlobalSection(ProjectConfigurationPlatforms) = postSolution
		{23688981-8217-4BEF-9BFA-C8957352430F}.Debug|Any CPU.ActiveCfg = Debug|Any CPU
		{23688981-8217-4BEF-9BFA-C8957352430F}.Debug|Any CPU.Build.0 = Debug|Any CPU
		{23688981-8217-4BEF-9BFA-C8957352430F}.Release|Any CPU.ActiveCfg = Release|Any CPU
		{23688981-8217-4BEF-9BFA-C8957352430F}.Release|Any CPU.Build.0 = Release|Any CPU
		{3C1C2912-D2B7-4665-8E93-86BB6E8CF672}.Debug|Any CPU.ActiveCfg = Debug|Any CPU
		{3C1C2912-D2B7-4665-8E93-86BB6E8CF672}.Debug|Any CPU.Build.0 = Debug|Any CPU
		{3C1C2912-D2B7-4665-8E93-86BB6E8CF672}.Release|Any CPU.ActiveCfg = Release|Any CPU
		{3C1C2912-D2B7-4665-8E93-86BB6E8CF672}.Release|Any CPU.Build.0 = Release|Any CPU
		{7700CD58-4D2B-4529-B041-19A788949140}.Debug|Any CPU.ActiveCfg = Debug|Any CPU
		{7700CD58-4D2B-4529-B041-19A788949140}.Debug|Any CPU.Build.0 = Debug|Any CPU
		{7700CD58-4D2B-4529-B041-19A788949140}.Release|Any CPU.ActiveCfg = Release|Any CPU
		{7700CD58-4D2B-4529-B041-19A788949140}.Release|Any CPU.Build.0 = Release|Any CPU
		{4E413835-9A76-4126-BA45-A73C1295B169}.Debug|Any CPU.ActiveCfg = Debug|Any CPU
		{4E413835-9A76-4126-BA45-A73C1295B169}.Debug|Any CPU.Build.0 = Debug|Any CPU
		{4E413835-9A76-4126-BA45-A73C1295B169}.Release|Any CPU.ActiveCfg = Release|Any CPU
		{4E413835-9A76-4126-BA45-A73C1295B169}.Release|Any CPU.Build.0 = Release|Any CPU
		{42F8575C-B60C-4060-A401-4E56543C2304}.Debug|Any CPU.ActiveCfg = Debug|Any CPU
		{42F8575C-B60C-4060-A401-4E56543C2304}.Debug|Any CPU.Build.0 = Debug|Any CPU
		{42F8575C-B60C-4060-A401-4E56543C2304}.Release|Any CPU.ActiveCfg = Release|Any CPU
		{42F8575C-B60C-4060-A401-4E56543C2304}.Release|Any CPU.Build.0 = Release|Any CPU
		{D8BC4EF1-322B-406F-8ED0-BA6408E24FFD}.Debug|Any CPU.ActiveCfg = Debug|Any CPU
		{D8BC4EF1-322B-406F-8ED0-BA6408E24FFD}.Debug|Any CPU.Build.0 = Debug|Any CPU
		{D8BC4EF1-322B-406F-8ED0-BA6408E24FFD}.Release|Any CPU.ActiveCfg = Release|Any CPU
		{D8BC4EF1-322B-406F-8ED0-BA6408E24FFD}.Release|Any CPU.Build.0 = Release|Any CPU
		{B9B3E827-7F21-49FF-8FC9-0011A9DBAFCD}.Debug|Any CPU.ActiveCfg = Debug|Any CPU
		{B9B3E827-7F21-49FF-8FC9-0011A9DBAFCD}.Debug|Any CPU.Build.0 = Debug|Any CPU
		{B9B3E827-7F21-49FF-8FC9-0011A9DBAFCD}.Release|Any CPU.ActiveCfg = Release|Any CPU
		{B9B3E827-7F21-49FF-8FC9-0011A9DBAFCD}.Release|Any CPU.Build.0 = Release|Any CPU
		{A0704F57-4448-4617-A934-00FC10A220DC}.Debug|Any CPU.ActiveCfg = Debug|Any CPU
		{A0704F57-4448-4617-A934-00FC10A220DC}.Debug|Any CPU.Build.0 = Debug|Any CPU
		{A0704F57-4448-4617-A934-00FC10A220DC}.Release|Any CPU.ActiveCfg = Release|Any CPU
		{A0704F57-4448-4617-A934-00FC10A220DC}.Release|Any CPU.Build.0 = Release|Any CPU
		{D9B35778-2BE1-4B2C-995F-E58F6DFD8B25}.Debug|Any CPU.ActiveCfg = Debug|Any CPU
		{D9B35778-2BE1-4B2C-995F-E58F6DFD8B25}.Debug|Any CPU.Build.0 = Debug|Any CPU
		{D9B35778-2BE1-4B2C-995F-E58F6DFD8B25}.Release|Any CPU.ActiveCfg = Release|Any CPU
		{D9B35778-2BE1-4B2C-995F-E58F6DFD8B25}.Release|Any CPU.Build.0 = Release|Any CPU
		{6C7159D6-E242-41D3-AAEA-69C87801F51E}.Debug|Any CPU.ActiveCfg = Debug|Any CPU
		{6C7159D6-E242-41D3-AAEA-69C87801F51E}.Debug|Any CPU.Build.0 = Debug|Any CPU
		{6C7159D6-E242-41D3-AAEA-69C87801F51E}.Release|Any CPU.ActiveCfg = Release|Any CPU
		{6C7159D6-E242-41D3-AAEA-69C87801F51E}.Release|Any CPU.Build.0 = Release|Any CPU
		{5C3E7F7D-0D0C-4E93-B035-D36BD321D52A}.Debug|Any CPU.ActiveCfg = Debug|Any CPU
		{5C3E7F7D-0D0C-4E93-B035-D36BD321D52A}.Debug|Any CPU.Build.0 = Debug|Any CPU
		{5C3E7F7D-0D0C-4E93-B035-D36BD321D52A}.Release|Any CPU.ActiveCfg = Release|Any CPU
		{5C3E7F7D-0D0C-4E93-B035-D36BD321D52A}.Release|Any CPU.Build.0 = Release|Any CPU
	EndGlobalSection
	GlobalSection(SolutionProperties) = preSolution
		HideSolutionNode = FALSE
	EndGlobalSection
	GlobalSection(NestedProjects) = preSolution
		{26C7E933-4571-403A-B470-DBC0160F245C} = {DC1FE4D5-4318-45F6-A4C3-4DA53DF6EEB6}
		{23688981-8217-4BEF-9BFA-C8957352430F} = {26C7E933-4571-403A-B470-DBC0160F245C}
		{7792FC3A-F274-4AF6-ADDE-134DCD677C4F} = {DC1FE4D5-4318-45F6-A4C3-4DA53DF6EEB6}
		{3C1C2912-D2B7-4665-8E93-86BB6E8CF672} = {7792FC3A-F274-4AF6-ADDE-134DCD677C4F}
		{28B11B41-4F0F-4D63-BBAA-EFFA8BB32C08} = {DC1FE4D5-4318-45F6-A4C3-4DA53DF6EEB6}
		{7700CD58-4D2B-4529-B041-19A788949140} = {28B11B41-4F0F-4D63-BBAA-EFFA8BB32C08}
		{A937A1AB-4AA4-4B19-A3C0-ADAB2ADA3156} = {DC1FE4D5-4318-45F6-A4C3-4DA53DF6EEB6}
		{4E413835-9A76-4126-BA45-A73C1295B169} = {A937A1AB-4AA4-4B19-A3C0-ADAB2ADA3156}
		{42F8575C-B60C-4060-A401-4E56543C2304} = {A937A1AB-4AA4-4B19-A3C0-ADAB2ADA3156}
		{D8BC4EF1-322B-406F-8ED0-BA6408E24FFD} = {26C7E933-4571-403A-B470-DBC0160F245C}
		{B9B3E827-7F21-49FF-8FC9-0011A9DBAFCD} = {7792FC3A-F274-4AF6-ADDE-134DCD677C4F}
		{A0704F57-4448-4617-A934-00FC10A220DC} = {28B11B41-4F0F-4D63-BBAA-EFFA8BB32C08}
		{4AFC71AE-E018-4BD7-86EE-91A9C45F7DEB} = {D34914E5-0B71-4A1D-887F-47ECBB5D7C83}
		{D9B35778-2BE1-4B2C-995F-E58F6DFD8B25} = {4AFC71AE-E018-4BD7-86EE-91A9C45F7DEB}
		{6C7159D6-E242-41D3-AAEA-69C87801F51E} = {4AFC71AE-E018-4BD7-86EE-91A9C45F7DEB}
		{F94CB25F-0D07-4C55-A4DF-273963A89893} = {DC1FE4D5-4318-45F6-A4C3-4DA53DF6EEB6}
		{5C3E7F7D-0D0C-4E93-B035-D36BD321D52A} = {F94CB25F-0D07-4C55-A4DF-273963A89893}
	EndGlobalSection
	GlobalSection(ExtensibilityGlobals) = postSolution
		SolutionGuid = {29AC5114-2A3E-41CD-AA5C-B901D15BDDA3}
	EndGlobalSection
EndGlobal
